
Microsoft Visual Studio Solution File, Format Version 11.00
# Visual Studio 2010
Project("{FAE04EC0-301F-11D3-BF4B-00C04F79EFBC}") = "WpfReportTest", "WpfReportTest\WpfReportTest.csproj", "{825323AB-0E14-4743-A9F2-C2B5CA060EB0}"
EndProject
Global
	GlobalSection(SolutionConfigurationPlatforms) = preSolution
		Debug|x86 = Debug|x86
		Release|x86 = Release|x86
	EndGlobalSection
	GlobalSection(ProjectConfigurationPlatforms) = postSolution
		{825323AB-0E14-4743-A9F2-C2B5CA060EB0}.Debug|x86.ActiveCfg = Debug|x86
		{825323AB-0E14-4743-A9F2-C2B5CA060EB0}.Debug|x86.Build.0 = Debug|x86
		{825323AB-0E14-4743-A9F2-C2B5CA060EB0}.Release|x86.ActiveCfg = Release|x86
		{825323AB-0E14-4743-A9F2-C2B5CA060EB0}.Release|x86.Build.0 = Release|x86
	EndGlobalSection
	GlobalSection(SolutionProperties) = preSolution
		HideSolutionNode = FALSE
	EndGlobalSection
EndGlobal
